// !$*UTF8*$!
{
	archiveVersion = 1;
	classes = {
	};
	objectVersion = 48;
	objects = {

/* Begin PBXBuildFile section */
		4CFB8BAA2107064E00E0259B /* AppDelegate.swift in Sources */ = {isa = PBXBuildFile; fileRef = 4CFB8BA92107064E00E0259B /* AppDelegate.swift */; };
		4CFB8BAC2107064E00E0259B /* ViewController.swift in Sources */ = {isa = PBXBuildFile; fileRef = 4CFB8BAB2107064E00E0259B /* ViewController.swift */; };
		4CFB8BAF2107064E00E0259B /* Main.storyboard in Resources */ = {isa = PBXBuildFile; fileRef = 4CFB8BAD2107064E00E0259B /* Main.storyboard */; };
		4CFB8BB22107064E00E0259B /* LinkPocket.xcdatamodeld in Sources */ = {isa = PBXBuildFile; fileRef = 4CFB8BB02107064E00E0259B /* LinkPocket.xcdatamodeld */; };
		4CFB8BB42107064E00E0259B /* Assets.xcassets in Resources */ = {isa = PBXBuildFile; fileRef = 4CFB8BB32107064E00E0259B /* Assets.xcassets */; };
		4CFB8BB72107064E00E0259B /* LaunchScreen.storyboard in Resources */ = {isa = PBXBuildFile; fileRef = 4CFB8BB52107064E00E0259B /* LaunchScreen.storyboard */; };
		4CFB8BC22107064E00E0259B /* LinkPocketTests.swift in Sources */ = {isa = PBXBuildFile; fileRef = 4CFB8BC12107064E00E0259B /* LinkPocketTests.swift */; };
		4CFB8BCD2107064E00E0259B /* LinkPocketUITests.swift in Sources */ = {isa = PBXBuildFile; fileRef = 4CFB8BCC2107064E00E0259B /* LinkPocketUITests.swift */; };
		A65F8F2068CB82F1A4A9A577 /* libPods-LinkPocket.a in Frameworks */ = {isa = PBXBuildFile; fileRef = 936C50DC162F949B2C32583F /* libPods-LinkPocket.a */; };
/* End PBXBuildFile section */

/* Begin PBXContainerItemProxy section */
		4CFB8BBE2107064E00E0259B /* PBXContainerItemProxy */ = {
			isa = PBXContainerItemProxy;
			containerPortal = 4CFB8B9E2107064E00E0259B /* Project object */;
			proxyType = 1;
			remoteGlobalIDString = 4CFB8BA52107064E00E0259B;
			remoteInfo = LinkPocket;
		};
		4CFB8BC92107064E00E0259B /* PBXContainerItemProxy */ = {
			isa = PBXContainerItemProxy;
			containerPortal = 4CFB8B9E2107064E00E0259B /* Project object */;
			proxyType = 1;
			remoteGlobalIDString = 4CFB8BA52107064E00E0259B;
			remoteInfo = LinkPocket;
		};
/* End PBXContainerItemProxy section */

/* Begin PBXFileReference section */
		0B2CB5FF3A6FBE7589E33C39 /* Pods-LinkPocket.release.xcconfig */ = {isa = PBXFileReference; includeInIndex = 1; lastKnownFileType = text.xcconfig; name = "Pods-LinkPocket.release.xcconfig"; path = "Pods/Target Support Files/Pods-LinkPocket/Pods-LinkPocket.release.xcconfig"; sourceTree = "<group>"; };
		1134B03650F5B2D31AF79322 /* Pods-LinkPocket.debug.xcconfig */ = {isa = PBXFileReference; includeInIndex = 1; lastKnownFileType = text.xcconfig; name = "Pods-LinkPocket.debug.xcconfig"; path = "Pods/Target Support Files/Pods-LinkPocket/Pods-LinkPocket.debug.xcconfig"; sourceTree = "<group>"; };
		4CFB8BA62107064E00E0259B /* LinkPocket.app */ = {isa = PBXFileReference; explicitFileType = wrapper.application; includeInIndex = 0; path = LinkPocket.app; sourceTree = BUILT_PRODUCTS_DIR; };
		4CFB8BA92107064E00E0259B /* AppDelegate.swift */ = {isa = PBXFileReference; lastKnownFileType = sourcecode.swift; path = AppDelegate.swift; sourceTree = "<group>"; };
		4CFB8BAB2107064E00E0259B /* ViewController.swift */ = {isa = PBXFileReference; lastKnownFileType = sourcecode.swift; path = ViewController.swift; sourceTree = "<group>"; };
		4CFB8BAE2107064E00E0259B /* Base */ = {isa = PBXFileReference; lastKnownFileType = file.storyboard; name = Base; path = Base.lproj/Main.storyboard; sourceTree = "<group>"; };
		4CFB8BB12107064E00E0259B /* LinkPocket.xcdatamodel */ = {isa = PBXFileReference; lastKnownFileType = wrapper.xcdatamodel; path = LinkPocket.xcdatamodel; sourceTree = "<group>"; };
		4CFB8BB32107064E00E0259B /* Assets.xcassets */ = {isa = PBXFileReference; lastKnownFileType = folder.assetcatalog; path = Assets.xcassets; sourceTree = "<group>"; };
		4CFB8BB62107064E00E0259B /* Base */ = {isa = PBXFileReference; lastKnownFileType = file.storyboard; name = Base; path = Base.lproj/LaunchScreen.storyboard; sourceTree = "<group>"; };
		4CFB8BB82107064E00E0259B /* Info.plist */ = {isa = PBXFileReference; lastKnownFileType = text.plist.xml; path = Info.plist; sourceTree = "<group>"; };
		4CFB8BBD2107064E00E0259B /* LinkPocketTests.xctest */ = {isa = PBXFileReference; explicitFileType = wrapper.cfbundle; includeInIndex = 0; path = LinkPocketTests.xctest; sourceTree = BUILT_PRODUCTS_DIR; };
		4CFB8BC12107064E00E0259B /* LinkPocketTests.swift */ = {isa = PBXFileReference; lastKnownFileType = sourcecode.swift; path = LinkPocketTests.swift; sourceTree = "<group>"; };
		4CFB8BC32107064E00E0259B /* Info.plist */ = {isa = PBXFileReference; lastKnownFileType = text.plist.xml; path = Info.plist; sourceTree = "<group>"; };
		4CFB8BC82107064E00E0259B /* LinkPocketUITests.xctest */ = {isa = PBXFileReference; explicitFileType = wrapper.cfbundle; includeInIndex = 0; path = LinkPocketUITests.xctest; sourceTree = BUILT_PRODUCTS_DIR; };
		4CFB8BCC2107064E00E0259B /* LinkPocketUITests.swift */ = {isa = PBXFileReference; lastKnownFileType = sourcecode.swift; path = LinkPocketUITests.swift; sourceTree = "<group>"; };
		4CFB8BCE2107064F00E0259B /* Info.plist */ = {isa = PBXFileReference; lastKnownFileType = text.plist.xml; path = Info.plist; sourceTree = "<group>"; };
		936C50DC162F949B2C32583F /* libPods-LinkPocket.a */ = {isa = PBXFileReference; explicitFileType = archive.ar; includeInIndex = 0; path = "libPods-LinkPocket.a"; sourceTree = BUILT_PRODUCTS_DIR; };
/* End PBXFileReference section */

/* Begin PBXFrameworksBuildPhase section */
		4CFB8BA32107064E00E0259B /* Frameworks */ = {
			isa = PBXFrameworksBuildPhase;
			buildActionMask = 2147483647;
			files = (
				A65F8F2068CB82F1A4A9A577 /* libPods-LinkPocket.a in Frameworks */,
			);
			runOnlyForDeploymentPostprocessing = 0;
		};
		4CFB8BBA2107064E00E0259B /* Frameworks */ = {
			isa = PBXFrameworksBuildPhase;
			buildActionMask = 2147483647;
			files = (
			);
			runOnlyForDeploymentPostprocessing = 0;
		};
		4CFB8BC52107064E00E0259B /* Frameworks */ = {
			isa = PBXFrameworksBuildPhase;
			buildActionMask = 2147483647;
			files = (
			);
			runOnlyForDeploymentPostprocessing = 0;
		};
/* End PBXFrameworksBuildPhase section */

/* Begin PBXGroup section */
		493D6DC28CEED4687B8B436C /* Frameworks */ = {
			isa = PBXGroup;
			children = (
				936C50DC162F949B2C32583F /* libPods-LinkPocket.a */,
			);
			name = Frameworks;
			sourceTree = "<group>";
		};
		4CFB8B9D2107064E00E0259B = {
			isa = PBXGroup;
			children = (
				4CFB8BA82107064E00E0259B /* LinkPocket */,
				4CFB8BC02107064E00E0259B /* LinkPocketTests */,
				4CFB8BCB2107064E00E0259B /* LinkPocketUITests */,
				4CFB8BA72107064E00E0259B /* Products */,
				6C2A526278FB9A5FB2E8D2A4 /* Pods */,
				493D6DC28CEED4687B8B436C /* Frameworks */,
			);
			sourceTree = "<group>";
		};
		4CFB8BA72107064E00E0259B /* Products */ = {
			isa = PBXGroup;
			children = (
				4CFB8BA62107064E00E0259B /* LinkPocket.app */,
				4CFB8BBD2107064E00E0259B /* LinkPocketTests.xctest */,
				4CFB8BC82107064E00E0259B /* LinkPocketUITests.xctest */,
			);
			name = Products;
			sourceTree = "<group>";
		};
		4CFB8BA82107064E00E0259B /* LinkPocket */ = {
			isa = PBXGroup;
			children = (
				4CFB8BA92107064E00E0259B /* AppDelegate.swift */,
				4CFB8BAB2107064E00E0259B /* ViewController.swift */,
				4CFB8BAD2107064E00E0259B /* Main.storyboard */,
				4CFB8BB32107064E00E0259B /* Assets.xcassets */,
				4CFB8BB52107064E00E0259B /* LaunchScreen.storyboard */,
				4CFB8BB82107064E00E0259B /* Info.plist */,
				4CFB8BB02107064E00E0259B /* LinkPocket.xcdatamodeld */,
			);
			path = LinkPocket;
			sourceTree = "<group>";
		};
		4CFB8BC02107064E00E0259B /* LinkPocketTests */ = {
			isa = PBXGroup;
			children = (
				4CFB8BC12107064E00E0259B /* LinkPocketTests.swift */,
				4CFB8BC32107064E00E0259B /* Info.plist */,
			);
			path = LinkPocketTests;
			sourceTree = "<group>";
		};
		4CFB8BCB2107064E00E0259B /* LinkPocketUITests */ = {
			isa = PBXGroup;
			children = (
				4CFB8BCC2107064E00E0259B /* LinkPocketUITests.swift */,
				4CFB8BCE2107064F00E0259B /* Info.plist */,
			);
			path = LinkPocketUITests;
			sourceTree = "<group>";
		};
		6C2A526278FB9A5FB2E8D2A4 /* Pods */ = {
			isa = PBXGroup;
			children = (
				1134B03650F5B2D31AF79322 /* Pods-LinkPocket.debug.xcconfig */,
				0B2CB5FF3A6FBE7589E33C39 /* Pods-LinkPocket.release.xcconfig */,
			);
			name = Pods;
			sourceTree = "<group>";
		};
/* End PBXGroup section */

/* Begin PBXNativeTarget section */
		4CFB8BA52107064E00E0259B /* LinkPocket */ = {
			isa = PBXNativeTarget;
			buildConfigurationList = 4CFB8BD12107064F00E0259B /* Build configuration list for PBXNativeTarget "LinkPocket" */;
			buildPhases = (
				2D165F3F068D2DDE751F1238 /* [CP] Check Pods Manifest.lock */,
				4CFB8BA22107064E00E0259B /* Sources */,
				4CFB8BA32107064E00E0259B /* Frameworks */,
				4CFB8BA42107064E00E0259B /* Resources */,
			);
			buildRules = (
			);
			dependencies = (
			);
			name = LinkPocket;
			productName = LinkPocket;
			productReference = 4CFB8BA62107064E00E0259B /* LinkPocket.app */;
			productType = "com.apple.product-type.application";
		};
		4CFB8BBC2107064E00E0259B /* LinkPocketTests */ = {
			isa = PBXNativeTarget;
			buildConfigurationList = 4CFB8BD42107064F00E0259B /* Build configuration list for PBXNativeTarget "LinkPocketTests" */;
			buildPhases = (
				4CFB8BB92107064E00E0259B /* Sources */,
				4CFB8BBA2107064E00E0259B /* Frameworks */,
				4CFB8BBB2107064E00E0259B /* Resources */,
			);
			buildRules = (
			);
			dependencies = (
				4CFB8BBF2107064E00E0259B /* PBXTargetDependency */,
			);
			name = LinkPocketTests;
			productName = LinkPocketTests;
			productReference = 4CFB8BBD2107064E00E0259B /* LinkPocketTests.xctest */;
			productType = "com.apple.product-type.bundle.unit-test";
		};
		4CFB8BC72107064E00E0259B /* LinkPocketUITests */ = {
			isa = PBXNativeTarget;
			buildConfigurationList = 4CFB8BD72107064F00E0259B /* Build configuration list for PBXNativeTarget "LinkPocketUITests" */;
			buildPhases = (
				4CFB8BC42107064E00E0259B /* Sources */,
				4CFB8BC52107064E00E0259B /* Frameworks */,
				4CFB8BC62107064E00E0259B /* Resources */,
			);
			buildRules = (
			);
			dependencies = (
				4CFB8BCA2107064E00E0259B /* PBXTargetDependency */,
			);
			name = LinkPocketUITests;
			productName = LinkPocketUITests;
			productReference = 4CFB8BC82107064E00E0259B /* LinkPocketUITests.xctest */;
			productType = "com.apple.product-type.bundle.ui-testing";
		};
/* End PBXNativeTarget section */

/* Begin PBXProject section */
		4CFB8B9E2107064E00E0259B /* Project object */ = {
			isa = PBXProject;
			attributes = {
				LastSwiftUpdateCheck = 0920;
				LastUpgradeCheck = 0920;
				ORGANIZATIONNAME = LP;
				TargetAttributes = {
					4CFB8BA52107064E00E0259B = {
						CreatedOnToolsVersion = 9.2;
						ProvisioningStyle = Automatic;
					};
					4CFB8BBC2107064E00E0259B = {
						CreatedOnToolsVersion = 9.2;
						ProvisioningStyle = Automatic;
						TestTargetID = 4CFB8BA52107064E00E0259B;
					};
					4CFB8BC72107064E00E0259B = {
						CreatedOnToolsVersion = 9.2;
						ProvisioningStyle = Automatic;
						TestTargetID = 4CFB8BA52107064E00E0259B;
					};
				};
			};
			buildConfigurationList = 4CFB8BA12107064E00E0259B /* Build configuration list for PBXProject "LinkPocket" */;
			compatibilityVersion = "Xcode 8.0";
			developmentRegion = en;
			hasScannedForEncodings = 0;
			knownRegions = (
				en,
				Base,
			);
			mainGroup = 4CFB8B9D2107064E00E0259B;
			productRefGroup = 4CFB8BA72107064E00E0259B /* Products */;
			projectDirPath = "";
			projectRoot = "";
			targets = (
				4CFB8BA52107064E00E0259B /* LinkPocket */,
				4CFB8BBC2107064E00E0259B /* LinkPocketTests */,
				4CFB8BC72107064E00E0259B /* LinkPocketUITests */,
			);
		};
/* End PBXProject section */

/* Begin PBXResourcesBuildPhase section */
		4CFB8BA42107064E00E0259B /* Resources */ = {
			isa = PBXResourcesBuildPhase;
			buildActionMask = 2147483647;
			files = (
				4CFB8BB72107064E00E0259B /* LaunchScreen.storyboard in Resources */,
				4CFB8BB42107064E00E0259B /* Assets.xcassets in Resources */,
				4CFB8BAF2107064E00E0259B /* Main.storyboard in Resources */,
			);
			runOnlyForDeploymentPostprocessing = 0;
		};
		4CFB8BBB2107064E00E0259B /* Resources */ = {
			isa = PBXResourcesBuildPhase;
			buildActionMask = 2147483647;
			files = (
			);
			runOnlyForDeploymentPostprocessing = 0;
		};
		4CFB8BC62107064E00E0259B /* Resources */ = {
			isa = PBXResourcesBuildPhase;
			buildActionMask = 2147483647;
			files = (
			);
			runOnlyForDeploymentPostprocessing = 0;
		};
/* End PBXResourcesBuildPhase section */

/* Begin PBXShellScriptBuildPhase section */
		2D165F3F068D2DDE751F1238 /* [CP] Check Pods Manifest.lock */ = {
			isa = PBXShellScriptBuildPhase;
			buildActionMask = 2147483647;
			files = (
			);
			inputPaths = (
				"${PODS_PODFILE_DIR_PATH}/Podfile.lock",
				"${PODS_ROOT}/Manifest.lock",
			);
			name = "[CP] Check Pods Manifest.lock";
			outputPaths = (
				"$(DERIVED_FILE_DIR)/Pods-LinkPocket-checkManifestLockResult.txt",
			);
			runOnlyForDeploymentPostprocessing = 0;
			shellPath = /bin/sh;
			shellScript = "diff \"${PODS_PODFILE_DIR_PATH}/Podfile.lock\" \"${PODS_ROOT}/Manifest.lock\" > /dev/null\nif [ $? != 0 ] ; then\n    # print error to STDERR\n    echo \"error: The sandbox is not in sync with the Podfile.lock. Run 'pod install' or update your CocoaPods installation.\" >&2\n    exit 1\nfi\n# This output is used by Xcode 'outputs' to avoid re-running this script phase.\necho \"SUCCESS\" > \"${SCRIPT_OUTPUT_FILE_0}\"\n";
			showEnvVarsInLog = 0;
		};
/* End PBXShellScriptBuildPhase section */

/* Begin PBXSourcesBuildPhase section */
		4CFB8BA22107064E00E0259B /* Sources */ = {
			isa = PBXSourcesBuildPhase;
			buildActionMask = 2147483647;
			files = (
				4CFB8BAC2107064E00E0259B /* ViewController.swift in Sources */,
				4CFB8BB22107064E00E0259B /* LinkPocket.xcdatamodeld in Sources */,
				4CFB8BAA2107064E00E0259B /* AppDelegate.swift in Sources */,
			);
			runOnlyForDeploymentPostprocessing = 0;
		};
		4CFB8BB92107064E00E0259B /* Sources */ = {
			isa = PBXSourcesBuildPhase;
			buildActionMask = 2147483647;
			files = (
				4CFB8BC22107064E00E0259B /* LinkPocketTests.swift in Sources */,
			);
			runOnlyForDeploymentPostprocessing = 0;
		};
		4CFB8BC42107064E00E0259B /* Sources */ = {
			isa = PBXSourcesBuildPhase;
			buildActionMask = 2147483647;
			files = (
				4CFB8BCD2107064E00E0259B /* LinkPocketUITests.swift in Sources */,
			);
			runOnlyForDeploymentPostprocessing = 0;
		};
/* End PBXSourcesBuildPhase section */

/* Begin PBXTargetDependency section */
		4CFB8BBF2107064E00E0259B /* PBXTargetDependency */ = {
			isa = PBXTargetDependency;
			target = 4CFB8BA52107064E00E0259B /* LinkPocket */;
			targetProxy = 4CFB8BBE2107064E00E0259B /* PBXContainerItemProxy */;
		};
		4CFB8BCA2107064E00E0259B /* PBXTargetDependency */ = {
			isa = PBXTargetDependency;
			target = 4CFB8BA52107064E00E0259B /* LinkPocket */;
			targetProxy = 4CFB8BC92107064E00E0259B /* PBXContainerItemProxy */;
		};
/* End PBXTargetDependency section */

/* Begin PBXVariantGroup section */
		4CFB8BAD2107064E00E0259B /* Main.storyboard */ = {
			isa = PBXVariantGroup;
			children = (
				4CFB8BAE2107064E00E0259B /* Base */,
			);
			name = Main.storyboard;
			sourceTree = "<group>";
		};
		4CFB8BB52107064E00E0259B /* LaunchScreen.storyboard */ = {
			isa = PBXVariantGroup;
			children = (
				4CFB8BB62107064E00E0259B /* Base */,
			);
			name = LaunchScreen.storyboard;
			sourceTree = "<group>";
		};
/* End PBXVariantGroup section */

/* Begin XCBuildConfiguration section */
		4CFB8BCF2107064F00E0259B /* Debug */ = {
			isa = XCBuildConfiguration;
			buildSettings = {
				ALWAYS_SEARCH_USER_PATHS = NO;
				CLANG_ANALYZER_NONNULL = YES;
				CLANG_ANALYZER_NUMBER_OBJECT_CONVERSION = YES_AGGRESSIVE;
				CLANG_CXX_LANGUAGE_STANDARD = "gnu++14";
				CLANG_CXX_LIBRARY = "libc++";
				CLANG_ENABLE_MODULES = YES;
				CLANG_ENABLE_OBJC_ARC = YES;
				CLANG_WARN_BLOCK_CAPTURE_AUTORELEASING = YES;
				CLANG_WARN_BOOL_CONVERSION = YES;
				CLANG_WARN_COMMA = YES;
				CLANG_WARN_CONSTANT_CONVERSION = YES;
				CLANG_WARN_DIRECT_OBJC_ISA_USAGE = YES_ERROR;
				CLANG_WARN_DOCUMENTATION_COMMENTS = YES;
				CLANG_WARN_EMPTY_BODY = YES;
				CLANG_WARN_ENUM_CONVERSION = YES;
				CLANG_WARN_INFINITE_RECURSION = YES;
				CLANG_WARN_INT_CONVERSION = YES;
				CLANG_WARN_NON_LITERAL_NULL_CONVERSION = YES;
				CLANG_WARN_OBJC_LITERAL_CONVERSION = YES;
				CLANG_WARN_OBJC_ROOT_CLASS = YES_ERROR;
				CLANG_WARN_RANGE_LOOP_ANALYSIS = YES;
				CLANG_WARN_STRICT_PROTOTYPES = YES;
				CLANG_WARN_SUSPICIOUS_MOVE = YES;
				CLANG_WARN_UNGUARDED_AVAILABILITY = YES_AGGRESSIVE;
				CLANG_WARN_UNREACHABLE_CODE = YES;
				CLANG_WARN__DUPLICATE_METHOD_MATCH = YES;
				CODE_SIGN_IDENTITY = "iPhone Developer";
				COPY_PHASE_STRIP = NO;
				DEBUG_INFORMATION_FORMAT = dwarf;
				ENABLE_STRICT_OBJC_MSGSEND = YES;
				ENABLE_TESTABILITY = YES;
				GCC_C_LANGUAGE_STANDARD = gnu11;
				GCC_DYNAMIC_NO_PIC = NO;
				GCC_NO_COMMON_BLOCKS = YES;
				GCC_OPTIMIZATION_LEVEL = 0;
				GCC_PREPROCESSOR_DEFINITIONS = (
					"DEBUG=1",
					"$(inherited)",
				);
				GCC_WARN_64_TO_32_BIT_CONVERSION = YES;
				GCC_WARN_ABOUT_RETURN_TYPE = YES_ERROR;
				GCC_WARN_UNDECLARED_SELECTOR = YES;
				GCC_WARN_UNINITIALIZED_AUTOS = YES_AGGRESSIVE;
				GCC_WARN_UNUSED_FUNCTION = YES;
				GCC_WARN_UNUSED_VARIABLE = YES;
				IPHONEOS_DEPLOYMENT_TARGET = 11.2;
				MTL_ENABLE_DEBUG_INFO = YES;
				ONLY_ACTIVE_ARCH = YES;
				SDKROOT = iphoneos;
				SWIFT_ACTIVE_COMPILATION_CONDITIONS = DEBUG;
				SWIFT_OPTIMIZATION_LEVEL = "-Onone";
			};
			name = Debug;
		};
		4CFB8BD02107064F00E0259B /* Release */ = {
			isa = XCBuildConfiguration;
			buildSettings = {
				ALWAYS_SEARCH_USER_PATHS = NO;
				CLANG_ANALYZER_NONNULL = YES;
				CLANG_ANALYZER_NUMBER_OBJECT_CONVERSION = YES_AGGRESSIVE;
				CLANG_CXX_LANGUAGE_STANDARD = "gnu++14";
				CLANG_CXX_LIBRARY = "libc++";
				CLANG_ENABLE_MODULES = YES;
				CLANG_ENABLE_OBJC_ARC = YES;
				CLANG_WARN_BLOCK_CAPTURE_AUTORELEASING = YES;
				CLANG_WARN_BOOL_CONVERSION = YES;
				CLANG_WARN_COMMA = YES;
				CLANG_WARN_CONSTANT_CONVERSION = YES;
				CLANG_WARN_DIRECT_OBJC_ISA_USAGE = YES_ERROR;
				CLANG_WARN_DOCUMENTATION_COMMENTS = YES;
				CLANG_WARN_EMPTY_BODY = YES;
				CLANG_WARN_ENUM_CONVERSION = YES;
				CLANG_WARN_INFINITE_RECURSION = YES;
				CLANG_WARN_INT_CONVERSION = YES;
				CLANG_WARN_NON_LITERAL_NULL_CONVERSION = YES;
				CLANG_WARN_OBJC_LITERAL_CONVERSION = YES;
				CLANG_WARN_OBJC_ROOT_CLASS = YES_ERROR;
				CLANG_WARN_RANGE_LOOP_ANALYSIS = YES;
				CLANG_WARN_STRICT_PROTOTYPES = YES;
				CLANG_WARN_SUSPICIOUS_MOVE = YES;
				CLANG_WARN_UNGUARDED_AVAILABILITY = YES_AGGRESSIVE;
				CLANG_WARN_UNREACHABLE_CODE = YES;
				CLANG_WARN__DUPLICATE_METHOD_MATCH = YES;
				CODE_SIGN_IDENTITY = "iPhone Developer";
				COPY_PHASE_STRIP = NO;
				DEBUG_INFORMATION_FORMAT = "dwarf-with-dsym";
				ENABLE_NS_ASSERTIONS = NO;
				ENABLE_STRICT_OBJC_MSGSEND = YES;
				GCC_C_LANGUAGE_STANDARD = gnu11;
				GCC_NO_COMMON_BLOCKS = YES;
				GCC_WARN_64_TO_32_BIT_CONVERSION = YES;
				GCC_WARN_ABOUT_RETURN_TYPE = YES_ERROR;
				GCC_WARN_UNDECLARED_SELECTOR = YES;
				GCC_WARN_UNINITIALIZED_AUTOS = YES_AGGRESSIVE;
				GCC_WARN_UNUSED_FUNCTION = YES;
				GCC_WARN_UNUSED_VARIABLE = YES;
				IPHONEOS_DEPLOYMENT_TARGET = 11.2;
				MTL_ENABLE_DEBUG_INFO = NO;
				SDKROOT = iphoneos;
				SWIFT_OPTIMIZATION_LEVEL = "-Owholemodule";
				VALIDATE_PRODUCT = YES;
			};
			name = Release;
		};
		4CFB8BD22107064F00E0259B /* Debug */ = {
			isa = XCBuildConfiguration;
			baseConfigurationReference = 1134B03650F5B2D31AF79322 /* Pods-LinkPocket.debug.xcconfig */;
			buildSettings = {
				ASSETCATALOG_COMPILER_APPICON_NAME = AppIcon;
				CODE_SIGN_STYLE = Automatic;
				DEVELOPMENT_TEAM = 32W5JEHP8L;
				INFOPLIST_FILE = LinkPocket/Info.plist;
				LD_RUNPATH_SEARCH_PATHS = "$(inherited) @executable_path/Frameworks";
				PRODUCT_BUNDLE_IDENTIFIER = etsy.LinkPocket;
				PRODUCT_NAME = "$(TARGET_NAME)";
				SWIFT_VERSION = 4.0;
				TARGETED_DEVICE_FAMILY = "1,2";
			};
			name = Debug;
		};
		4CFB8BD32107064F00E0259B /* Release */ = {
			isa = XCBuildConfiguration;
			baseConfigurationReference = 0B2CB5FF3A6FBE7589E33C39 /* Pods-LinkPocket.release.xcconfig */;
			buildSettings = {
				ASSETCATALOG_COMPILER_APPICON_NAME = AppIcon;
				CODE_SIGN_STYLE = Automatic;
				DEVELOPMENT_TEAM = 32W5JEHP8L;
				INFOPLIST_FILE = LinkPocket/Info.plist;
				LD_RUNPATH_SEARCH_PATHS = "$(inherited) @executable_path/Frameworks";
				PRODUCT_BUNDLE_IDENTIFIER = etsy.LinkPocket;
				PRODUCT_NAME = "$(TARGET_NAME)";
				SWIFT_VERSION = 4.0;
				TARGETED_DEVICE_FAMILY = "1,2";
			};
			name = Release;
		};
		4CFB8BD52107064F00E0259B /* Debug */ = {
			isa = XCBuildConfiguration;
			buildSettings = {
				ALWAYS_EMBED_SWIFT_STANDARD_LIBRARIES = YES;
				BUNDLE_LOADER = "$(TEST_HOST)";
				CODE_SIGN_STYLE = Automatic;
				DEVELOPMENT_TEAM = TTE5TV8NZT;
				INFOPLIST_FILE = LinkPocketTests/Info.plist;
				LD_RUNPATH_SEARCH_PATHS = "$(inherited) @executable_path/Frameworks @loader_path/Frameworks";
				PRODUCT_BUNDLE_IDENTIFIER = etsy.LinkPocketTests;
				PRODUCT_NAME = "$(TARGET_NAME)";
				SWIFT_VERSION = 4.0;
				TARGETED_DEVICE_FAMILY = "1,2";
				TEST_HOST = "$(BUILT_PRODUCTS_DIR)/LinkPocket.app/LinkPocket";
			};
			name = Debug;
		};
		4CFB8BD62107064F00E0259B /* Release */ = {
			isa = XCBuildConfiguration;
			buildSettings = {
				ALWAYS_EMBED_SWIFT_STANDARD_LIBRARIES = YES;
				BUNDLE_LOADER = "$(TEST_HOST)";
				CODE_SIGN_STYLE = Automatic;
				DEVELOPMENT_TEAM = TTE5TV8NZT;
				INFOPLIST_FILE = LinkPocketTests/Info.plist;
				LD_RUNPATH_SEARCH_PATHS = "$(inherited) @executable_path/Frameworks @loader_path/Frameworks";
				PRODUCT_BUNDLE_IDENTIFIER = etsy.LinkPocketTests;
				PRODUCT_NAME = "$(TARGET_NAME)";
				SWIFT_VERSION = 4.0;
				TARGETED_DEVICE_FAMILY = "1,2";
				TEST_HOST = "$(BUILT_PRODUCTS_DIR)/LinkPocket.app/LinkPocket";
			};
			name = Release;
		};
		4CFB8BD82107064F00E0259B /* Debug */ = {
			isa = XCBuildConfiguration;
			buildSettings = {
				ALWAYS_EMBED_SWIFT_STANDARD_LIBRARIES = YES;
				CODE_SIGN_STYLE = Automatic;
				DEVELOPMENT_TEAM = TTE5TV8NZT;
				INFOPLIST_FILE = LinkPocketUITests/Info.plist;
				LD_RUNPATH_SEARCH_PATHS = "$(inherited) @executable_path/Frameworks @loader_path/Frameworks";
				PRODUCT_BUNDLE_IDENTIFIER = etsy.LinkPocketUITests;
				PRODUCT_NAME = "$(TARGET_NAME)";
				SWIFT_VERSION = 4.0;
				TARGETED_DEVICE_FAMILY = "1,2";
				TEST_TARGET_NAME = LinkPocket;
			};
			name = Debug;
		};
		4CFB8BD92107064F00E0259B /* Release */ = {
			isa = XCBuildConfiguration;
			buildSettings = {
				ALWAYS_EMBED_SWIFT_STANDARD_LIBRARIES = YES;
				CODE_SIGN_STYLE = Automatic;
				DEVELOPMENT_TEAM = TTE5TV8NZT;
				INFOPLIST_FILE = LinkPocketUITests/Info.plist;
				LD_RUNPATH_SEARCH_PATHS = "$(inherited) @executable_path/Frameworks @loader_path/Frameworks";
				PRODUCT_BUNDLE_IDENTIFIER = etsy.LinkPocketUITests;
				PRODUCT_NAME = "$(TARGET_NAME)";
				SWIFT_VERSION = 4.0;
				TARGETED_DEVICE_FAMILY = "1,2";
				TEST_TARGET_NAME = LinkPocket;
			};
			name = Release;
		};
/* End XCBuildConfiguration section */

/* Begin XCConfigurationList section */
		4CFB8BA12107064E00E0259B /* Build configuration list for PBXProject "LinkPocket" */ = {
			isa = XCConfigurationList;
			buildConfigurations = (
				4CFB8BCF2107064F00E0259B /* Debug */,
				4CFB8BD02107064F00E0259B /* Release */,
			);
			defaultConfigurationIsVisible = 0;
			defaultConfigurationName = Release;
		};
		4CFB8BD12107064F00E0259B /* Build configuration list for PBXNativeTarget "LinkPocket" */ = {
			isa = XCConfigurationList;
			buildConfigurations = (
				4CFB8BD22107064F00E0259B /* Debug */,
				4CFB8BD32107064F00E0259B /* Release */,
			);
			defaultConfigurationIsVisible = 0;
			defaultConfigurationName = Release;
		};
		4CFB8BD42107064F00E0259B /* Build configuration list for PBXNativeTarget "LinkPocketTests" */ = {
			isa = XCConfigurationList;
			buildConfigurations = (
				4CFB8BD52107064F00E0259B /* Debug */,
				4CFB8BD62107064F00E0259B /* Release */,
			);
			defaultConfigurationIsVisible = 0;
			defaultConfigurationName = Release;
		};
		4CFB8BD72107064F00E0259B /* Build configuration list for PBXNativeTarget "LinkPocketUITests" */ = {
			isa = XCConfigurationList;
			buildConfigurations = (
				4CFB8BD82107064F00E0259B /* Debug */,
				4CFB8BD92107064F00E0259B /* Release */,
			);
			defaultConfigurationIsVisible = 0;
			defaultConfigurationName = Release;
		};
/* End XCConfigurationList section */

/* Begin XCVersionGroup section */
		4CFB8BB02107064E00E0259B /* LinkPocket.xcdatamodeld */ = {
			isa = XCVersionGroup;
			children = (
				4CFB8BB12107064E00E0259B /* LinkPocket.xcdatamodel */,
			);
			currentVersion = 4CFB8BB12107064E00E0259B /* LinkPocket.xcdatamodel */;
			path = LinkPocket.xcdatamodeld;
			sourceTree = "<group>";
			versionGroupType = wrapper.xcdatamodel;
		};
/* End XCVersionGroup section */
	};
	rootObject = 4CFB8B9E2107064E00E0259B /* Project object */;
}
